
Microsoft Visual Studio Solution File, Format Version 12.00
# Visual Studio Version 17
VisualStudioVersion = 17.2.32630.192
MinimumVisualStudioVersion = 10.0.40219.1
Project("{FAE04EC0-301F-11D3-BF4B-00C04F79EFBC}") = "ProgrammingTechnologies", "ProgrammingTechnologies\ProgrammingTechnologies.csproj", "{FDFB41DA-90BA-425E-AE3D-7D81A46D567D}"
EndProject
Project("{FAE04EC0-301F-11D3-BF4B-00C04F79EFBC}") = "Builder", "Patterns\Creational\Builder\Builder.csproj", "{4CB6E3D5-ABAC-475B-93DA-E68599009042}"
EndProject
Project("{FAE04EC0-301F-11D3-BF4B-00C04F79EFBC}") = "Singleton", "Patterns\Creational\Singleton\Singleton.csproj", "{FD0DA729-1B32-4FCA-A958-8B5042E888C6}"
EndProject
Project("{FAE04EC0-301F-11D3-BF4B-00C04F79EFBC}") = "Adapter", "Patterns\Structural\Adapter\Adapter.csproj", "{5C1991B3-A783-407A-BF6C-DD0B669B6570}"
EndProject
Project("{FAE04EC0-301F-11D3-BF4B-00C04F79EFBC}") = "Decorator", "Patterns\Structural\Decorator\Decorator.csproj", "{8F7DD986-CA1B-4CAB-B054-8085B6BBBEAD}"
EndProject
Project("{FAE04EC0-301F-11D3-BF4B-00C04F79EFBC}") = "Facade", "Patterns\Structural\Facade\Facade.csproj", "{8AF23413-99CB-4621-97D7-C5896E5D3EC6}"
EndProject
Project("{FAE04EC0-301F-11D3-BF4B-00C04F79EFBC}") = "Flyweight", "Patterns\Structural\Flyweight\Flyweight.csproj", "{0DBA4823-3911-4253-A20E-5F45D3296B03}"
EndProject
Project("{2150E333-8FDC-42A3-9474-1A3956D46DE8}") = "Patterns", "Patterns", "{24333117-0C10-4D04-B71C-1383813EAECB}"
EndProject
Project("{2150E333-8FDC-42A3-9474-1A3956D46DE8}") = "Creational", "Creational", "{9E0CD916-BD3D-4088-82B6-672529E06459}"
EndProject
Project("{2150E333-8FDC-42A3-9474-1A3956D46DE8}") = "Structural", "Structural", "{1424C037-97CB-4E47-B1B7-2EC9195AA833}"
EndProject
Project("{FAE04EC0-301F-11D3-BF4B-00C04F79EFBC}") = "test", "test\test.csproj", "{6A290CF3-0E4A-4C18-9A84-5DB6EE0EF9C4}"
EndProject
Global
	GlobalSection(SolutionConfigurationPlatforms) = preSolution
		Debug|Any CPU = Debug|Any CPU
		Release|Any CPU = Release|Any CPU
	EndGlobalSection
	GlobalSection(ProjectConfigurationPlatforms) = postSolution
		{FDFB41DA-90BA-425E-AE3D-7D81A46D567D}.Debug|Any CPU.ActiveCfg = Debug|Any CPU
		{FDFB41DA-90BA-425E-AE3D-7D81A46D567D}.Debug|Any CPU.Build.0 = Debug|Any CPU
		{FDFB41DA-90BA-425E-AE3D-7D81A46D567D}.Release|Any CPU.ActiveCfg = Release|Any CPU
		{FDFB41DA-90BA-425E-AE3D-7D81A46D567D}.Release|Any CPU.Build.0 = Release|Any CPU
		{4CB6E3D5-ABAC-475B-93DA-E68599009042}.Debug|Any CPU.ActiveCfg = Debug|Any CPU
		{4CB6E3D5-ABAC-475B-93DA-E68599009042}.Debug|Any CPU.Build.0 = Debug|Any CPU
		{4CB6E3D5-ABAC-475B-93DA-E68599009042}.Release|Any CPU.ActiveCfg = Release|Any CPU
		{4CB6E3D5-ABAC-475B-93DA-E68599009042}.Release|Any CPU.Build.0 = Release|Any CPU
		{FD0DA729-1B32-4FCA-A958-8B5042E888C6}.Debug|Any CPU.ActiveCfg = Debug|Any CPU
		{FD0DA729-1B32-4FCA-A958-8B5042E888C6}.Debug|Any CPU.Build.0 = Debug|Any CPU
		{FD0DA729-1B32-4FCA-A958-8B5042E888C6}.Release|Any CPU.ActiveCfg = Release|Any CPU
		{FD0DA729-1B32-4FCA-A958-8B5042E888C6}.Release|Any CPU.Build.0 = Release|Any CPU
		{5C1991B3-A783-407A-BF6C-DD0B669B6570}.Debug|Any CPU.ActiveCfg = Debug|Any CPU
		{5C1991B3-A783-407A-BF6C-DD0B669B6570}.Debug|Any CPU.Build.0 = Debug|Any CPU
		{5C1991B3-A783-407A-BF6C-DD0B669B6570}.Release|Any CPU.ActiveCfg = Release|Any CPU
		{5C1991B3-A783-407A-BF6C-DD0B669B6570}.Release|Any CPU.Build.0 = Release|Any CPU
		{8F7DD986-CA1B-4CAB-B054-8085B6BBBEAD}.Debug|Any CPU.ActiveCfg = Debug|Any CPU
		{8F7DD986-CA1B-4CAB-B054-8085B6BBBEAD}.Debug|Any CPU.Build.0 = Debug|Any CPU
		{8F7DD986-CA1B-4CAB-B054-8085B6BBBEAD}.Release|Any CPU.ActiveCfg = Release|Any CPU
		{8F7DD986-CA1B-4CAB-B054-8085B6BBBEAD}.Release|Any CPU.Build.0 = Release|Any CPU
		{8AF23413-99CB-4621-97D7-C5896E5D3EC6}.Debug|Any CPU.ActiveCfg = Debug|Any CPU
		{8AF23413-99CB-4621-97D7-C5896E5D3EC6}.Debug|Any CPU.Build.0 = Debug|Any CPU
		{8AF23413-99CB-4621-97D7-C5896E5D3EC6}.Release|Any CPU.ActiveCfg = Release|Any CPU
		{8AF23413-99CB-4621-97D7-C5896E5D3EC6}.Release|Any CPU.Build.0 = Release|Any CPU
		{0DBA4823-3911-4253-A20E-5F45D3296B03}.Debug|Any CPU.ActiveCfg = Debug|Any CPU
		{0DBA4823-3911-4253-A20E-5F45D3296B03}.Debug|Any CPU.Build.0 = Debug|Any CPU
		{0DBA4823-3911-4253-A20E-5F45D3296B03}.Release|Any CPU.ActiveCfg = Release|Any CPU
		{0DBA4823-3911-4253-A20E-5F45D3296B03}.Release|Any CPU.Build.0 = Release|Any CPU
		{6A290CF3-0E4A-4C18-9A84-5DB6EE0EF9C4}.Debug|Any CPU.ActiveCfg = Debug|Any CPU
		{6A290CF3-0E4A-4C18-9A84-5DB6EE0EF9C4}.Debug|Any CPU.Build.0 = Debug|Any CPU
		{6A290CF3-0E4A-4C18-9A84-5DB6EE0EF9C4}.Release|Any CPU.ActiveCfg = Release|Any CPU
		{6A290CF3-0E4A-4C18-9A84-5DB6EE0EF9C4}.Release|Any CPU.Build.0 = Release|Any CPU
	EndGlobalSection
	GlobalSection(SolutionProperties) = preSolution
		HideSolutionNode = FALSE
	EndGlobalSection
	GlobalSection(NestedProjects) = preSolution
		{4CB6E3D5-ABAC-475B-93DA-E68599009042} = {9E0CD916-BD3D-4088-82B6-672529E06459}
		{FD0DA729-1B32-4FCA-A958-8B5042E888C6} = {9E0CD916-BD3D-4088-82B6-672529E06459}
		{5C1991B3-A783-407A-BF6C-DD0B669B6570} = {1424C037-97CB-4E47-B1B7-2EC9195AA833}
		{8F7DD986-CA1B-4CAB-B054-8085B6BBBEAD} = {1424C037-97CB-4E47-B1B7-2EC9195AA833}
		{8AF23413-99CB-4621-97D7-C5896E5D3EC6} = {1424C037-97CB-4E47-B1B7-2EC9195AA833}
		{0DBA4823-3911-4253-A20E-5F45D3296B03} = {1424C037-97CB-4E47-B1B7-2EC9195AA833}
		{9E0CD916-BD3D-4088-82B6-672529E06459} = {24333117-0C10-4D04-B71C-1383813EAECB}
		{1424C037-97CB-4E47-B1B7-2EC9195AA833} = {24333117-0C10-4D04-B71C-1383813EAECB}
		{6A290CF3-0E4A-4C18-9A84-5DB6EE0EF9C4} = {9E0CD916-BD3D-4088-82B6-672529E06459}
	EndGlobalSection
	GlobalSection(ExtensibilityGlobals) = postSolution
		SolutionGuid = {E4AC9F2B-F792-4456-859B-DE624942E386}
	EndGlobalSection
EndGlobal
