
Microsoft Visual Studio Solution File, Format Version 12.00
# Visual Studio Version 17
VisualStudioVersion = 17.2.32630.192
MinimumVisualStudioVersion = 10.0.40219.1
Project("{FAE04EC0-301F-11D3-BF4B-00C04F79EFBC}") = "BuilderImpl", "BuilderImpl\BuilderImpl.csproj", "{4CB6E3D5-ABAC-475B-93DA-E68599009042}"
EndProject
Project("{FAE04EC0-301F-11D3-BF4B-00C04F79EFBC}") = "ProgrammingTechnologies", "ProgrammingTechnologies\ProgrammingTechnologies.csproj", "{FDFB41DA-90BA-425E-AE3D-7D81A46D567D}"
EndProject
Project("{FAE04EC0-301F-11D3-BF4B-00C04F79EFBC}") = "Singleton", "Singleton\Singleton.csproj", "{FD0DA729-1B32-4FCA-A958-8B5042E888C6}"
EndProject
Global
	GlobalSection(SolutionConfigurationPlatforms) = preSolution
		Debug|Any CPU = Debug|Any CPU
		Release|Any CPU = Release|Any CPU
	EndGlobalSection
	GlobalSection(ProjectConfigurationPlatforms) = postSolution
		{4CB6E3D5-ABAC-475B-93DA-E68599009042}.Debug|Any CPU.ActiveCfg = Debug|Any CPU
		{4CB6E3D5-ABAC-475B-93DA-E68599009042}.Debug|Any CPU.Build.0 = Debug|Any CPU
		{4CB6E3D5-ABAC-475B-93DA-E68599009042}.Release|Any CPU.ActiveCfg = Release|Any CPU
		{4CB6E3D5-ABAC-475B-93DA-E68599009042}.Release|Any CPU.Build.0 = Release|Any CPU
		{FDFB41DA-90BA-425E-AE3D-7D81A46D567D}.Debug|Any CPU.ActiveCfg = Debug|Any CPU
		{FDFB41DA-90BA-425E-AE3D-7D81A46D567D}.Debug|Any CPU.Build.0 = Debug|Any CPU
		{FDFB41DA-90BA-425E-AE3D-7D81A46D567D}.Release|Any CPU.ActiveCfg = Release|Any CPU
		{FDFB41DA-90BA-425E-AE3D-7D81A46D567D}.Release|Any CPU.Build.0 = Release|Any CPU
		{FD0DA729-1B32-4FCA-A958-8B5042E888C6}.Debug|Any CPU.ActiveCfg = Debug|Any CPU
		{FD0DA729-1B32-4FCA-A958-8B5042E888C6}.Debug|Any CPU.Build.0 = Debug|Any CPU
		{FD0DA729-1B32-4FCA-A958-8B5042E888C6}.Release|Any CPU.ActiveCfg = Release|Any CPU
		{FD0DA729-1B32-4FCA-A958-8B5042E888C6}.Release|Any CPU.Build.0 = Release|Any CPU
	EndGlobalSection
	GlobalSection(SolutionProperties) = preSolution
		HideSolutionNode = FALSE
	EndGlobalSection
	GlobalSection(ExtensibilityGlobals) = postSolution
		SolutionGuid = {E4AC9F2B-F792-4456-859B-DE624942E386}
	EndGlobalSection
EndGlobal
